PODS:
  - Alamofire (2.0.2)
  - JCTagListView (0.0.4)
  - SDWebImage (3.7.3):
    - SDWebImage/Core (= 3.7.3)
  - SDWebImage/Core (3.7.3)
  - SwiftyJSON (2.3.0)
  - XCDYouTubeKit (2.3.1)

DEPENDENCIES:
  - Alamofire (~> 2.0)
  - JCTagListView (from `https://github.com/dehlen/JCTagListView.git`)
  - SDWebImage (~> 3.7)
  - SwiftyJSON (from `https://github.com/SwiftyJSON/SwiftyJSON.git`)
  - XCDYouTubeKit (~> 2.3.1)

EXTERNAL SOURCES:
  JCTagListView:
    :git: https://github.com/dehlen/JCTagListView.git
  SwiftyJSON:
    :git: https://github.com/SwiftyJSON/SwiftyJSON.git

CHECKOUT OPTIONS:
  JCTagListView:
    :commit: de84b0c609588eefaac497d411af67d3d451968c
    :git: https://github.com/dehlen/JCTagListView.git
  SwiftyJSON:
    :commit: 3b5d0d4e0c19173b1bf0dc823bde25ad870f70c0
    :git: https://github.com/SwiftyJSON/SwiftyJSON.git

SPEC CHECKSUMS:
  Alamofire: 8edbab00802a752bb5240cc2abe70e7e881488ad
  JCTagListView: e267bb1e2f44555093d4d5ff5b95939c12ebd5ad
  SDWebImage: 1d2b1a1efda1ade1b00b6f8498865f8ddedc8a84
  SwiftyJSON: 8d6b61a70277ef2a5d710d372e06e7e2d87fb9e4
  XCDYouTubeKit: 80e9169b644acf4e67979142f789d9e7e9e15784

COCOAPODS: 0.39.0
